
Microsoft Visual Studio Solution File, Format Version 12.00
# Visual Studio 15
VisualStudioVersion = 15.0.28010.2050
MinimumVisualStudioVersion = 10.0.40219.1
Project("{FAE04EC0-301F-11D3-BF4B-00C04F79EFBC}") = "MvcMovie", "MvcMovie\MvcMovie.csproj", "{122823CF-B367-4F43-B6F2-62ECDA5F77F0}"
EndProject
Global
	GlobalSection(SolutionConfigurationPlatforms) = preSolution
		Debug|Any CPU = Debug|Any CPU
		Release|Any CPU = Release|Any CPU
	EndGlobalSection
	GlobalSection(ProjectConfigurationPlatforms) = postSolution
		{122823CF-B367-4F43-B6F2-62ECDA5F77F0}.Debug|Any CPU.ActiveCfg = Debug|Any CPU
		{122823CF-B367-4F43-B6F2-62ECDA5F77F0}.Debug|Any CPU.Build.0 = Debug|Any CPU
		{122823CF-B367-4F43-B6F2-62ECDA5F77F0}.Release|Any CPU.ActiveCfg = Release|Any CPU
		{122823CF-B367-4F43-B6F2-62ECDA5F77F0}.Release|Any CPU.Build.0 = Release|Any CPU
	EndGlobalSection
	GlobalSection(SolutionProperties) = preSolution
		HideSolutionNode = FALSE
	EndGlobalSection
	GlobalSection(ExtensibilityGlobals) = postSolution
		SolutionGuid = {A67FAB06-F84B-4EBB-BC7E-45435C8ECE32}
	EndGlobalSection
EndGlobal
